<?xml version="1.0" encoding="utf-8"?>
<Project ToolsVersion="4.0" xmlns="http://schemas.microsoft.com/developer/msbuild/2003">
  <ItemGroup>
    <Filter Include="Source Files">
      <UniqueIdentifier>{4FC737F1-C7A5-4376-A066-2A32D752A2FF}</UniqueIdentifier>
      <Extensions>cpp;c;cc;cxx;def;odl;idl;hpj;bat;asm;asmx</Extensions>
    </Filter>
    <Filter Include="Header Files">
      <UniqueIdentifier>{93995380-89BD-4b04-88EB-625FBE52EBFB}</UniqueIdentifier>
      <Extensions>h;hpp;hxx;hm;inl;inc;xsd</Extensions>
    </Filter>
    <Filter Include="Resource Files">
      <UniqueIdentifier>{67DA6AB6-F800-4c08-8B7A-83BB121AAD01}</UniqueIdentifier>
      <Extensions>rc;ico;cur;bmp;dlg;rc2;rct;bin;rgs;gif;jpg;jpeg;jpe;resx;tiff;tif;png;wav;mfcribbon-ms</Extensions>
    </Filter>
    <Filter Include="Header Files\Utility">
      <UniqueIdentifier>{910d03a7-cf2f-47dd-810a-b48afa743edd}</UniqueIdentifier>
    </Filter>
    <Filter Include="Header Files\RiemannSolvers">
      <UniqueIdentifier>{3955352b-6615-4ff7-ad01-d52816de6fd0}</UniqueIdentifier>
    </Filter>
    <Filter Include="Header Files\Methods">
      <UniqueIdentifier>{bff737a7-692a-41a6-8413-d08d878710e6}</UniqueIdentifier>
    </Filter>
    <Filter Include="Header Files\BoundaryConditions">
      <UniqueIdentifier>{8d884abd-430d-4fc3-ad48-6cbaa90c1809}</UniqueIdentifier>
    </Filter>
  </ItemGroup>
  <ItemGroup>
    <ClCompile Include="..\src\main.cpp">
      <Filter>Source Files</Filter>
    </ClCompile>
  </ItemGroup>
  <ItemGroup>
    <ClInclude Include="..\src\kernel\kernel.h">
      <Filter>Header Files</Filter>
    </ClInclude>
    <ClInclude Include="..\src\kernel\KernelConfiguration.h">
      <Filter>Header Files</Filter>
    </ClInclude>
    <ClInclude Include="..\src\utility\Vector.h">
      <Filter>Header Files\Utility</Filter>
    </ClInclude>
    <ClInclude Include="..\src\utility\Matrix.h">
      <Filter>Header Files\Utility</Filter>
    </ClInclude>
    <ClInclude Include="..\src\utility\Timer.h">
      <Filter>Header Files\Utility</Filter>
    </ClInclude>
    <ClInclude Include="..\src\RiemannSolvers\RiemannSolver.h">
      <Filter>Header Files\RiemannSolvers</Filter>
    </ClInclude>
    <ClInclude Include="..\src\RiemannSolvers\RoeSolverPerfectGasEOS.h">
      <Filter>Header Files\RiemannSolvers</Filter>
    </ClInclude>
    <ClInclude Include="..\src\RiemannSolvers\RiemannSolversList.h">
      <Filter>Header Files\RiemannSolvers</Filter>
    </ClInclude>
    <ClInclude Include="..\src\Methods\Method.h">
      <Filter>Header Files\Methods</Filter>
    </ClInclude>
    <ClInclude Include="..\src\Methods\ExplicitRungeKuttaFVM.h">
      <Filter>Header Files\Methods</Filter>
    </ClInclude>
    <ClInclude Include="..\src\Methods\HybridFVM.h">
      <Filter>Header Files\Methods</Filter>
    </ClInclude>
    <ClInclude Include="..\src\Methods\MethodConfiguration.h">
      <Filter>Header Files\Methods</Filter>
    </ClInclude>
    <ClInclude Include="..\src\BoundaryConditions\BoundaryCondition.h">
      <Filter>Header Files\BoundaryConditions</Filter>
    </ClInclude>
    <ClInclude Include="..\src\kernel\ParallelManager.h">
      <Filter>Header Files</Filter>
    </ClInclude>
    <ClInclude Include="..\src\BoundaryConditions\BCGeneral.h">
      <Filter>Header Files\BoundaryConditions</Filter>
    </ClInclude>
  </ItemGroup>
</Project>