<?xml version="1.0" encoding="utf-8"?>
<Project ToolsVersion="4.0" xmlns="http://schemas.microsoft.com/developer/msbuild/2003">
  <ItemGroup>
    <Filter Include="Source Files">
      <UniqueIdentifier>{4FC737F1-C7A5-4376-A066-2A32D752A2FF}</UniqueIdentifier>
      <Extensions>cpp;c;cc;cxx;def;odl;idl;hpj;bat;asm;asmx</Extensions>
    </Filter>
    <Filter Include="Header Files">
      <UniqueIdentifier>{93995380-89BD-4b04-88EB-625FBE52EBFB}</UniqueIdentifier>
      <Extensions>h;hpp;hxx;hm;inl;inc;xsd</Extensions>
    </Filter>
    <Filter Include="Resource Files">
      <UniqueIdentifier>{67DA6AB6-F800-4c08-8B7A-83BB121AAD01}</UniqueIdentifier>
      <Extensions>rc;ico;cur;bmp;dlg;rc2;rct;bin;rgs;gif;jpg;jpeg;jpe;resx;tiff;tif;png;wav;mfcribbon-ms</Extensions>
    </Filter>
    <Filter Include="Header Files\Utility">
      <UniqueIdentifier>{910d03a7-cf2f-47dd-810a-b48afa743edd}</UniqueIdentifier>
    </Filter>
    <Filter Include="Header Files\RiemannSolvers">
      <UniqueIdentifier>{3955352b-6615-4ff7-ad01-d52816de6fd0}</UniqueIdentifier>
    </Filter>
    <Filter Include="Header Files\Methods">
      <UniqueIdentifier>{bff737a7-692a-41a6-8413-d08d878710e6}</UniqueIdentifier>
    </Filter>
    <Filter Include="Header Files\BoundaryConditions">
      <UniqueIdentifier>{8d884abd-430d-4fc3-ad48-6cbaa90c1809}</UniqueIdentifier>
    </Filter>
    <Filter Include="Header Files\Tests">
      <UniqueIdentifier>{a7f52c3f-86bc-416d-92b5-a1c5bbb7f531}</UniqueIdentifier>
    </Filter>
    <Filter Include="Header Files\Methods\GeneralEosMethods">
      <UniqueIdentifier>{85cc7d2e-2897-420b-96e8-ed685a0ca09d}</UniqueIdentifier>
    </Filter>
    <Filter Include="Header Files\EquationsOfState">
      <UniqueIdentifier>{25ec4059-96a0-497e-a0c6-d20e801d511b}</UniqueIdentifier>
    </Filter>
    <Filter Include="Header Files\EquationsOfState\VOFMixture">
      <UniqueIdentifier>{bf1236cd-51d9-4951-994c-58eed3c49a36}</UniqueIdentifier>
    </Filter>
    <Filter Include="Header Files\Sensors">
      <UniqueIdentifier>{b9c6dcee-e4c8-4b21-b568-776f2d2da65c}</UniqueIdentifier>
    </Filter>
    <Filter Include="Header Files\Reconstruction">
      <UniqueIdentifier>{cfb7e5ba-203f-4169-a346-488f9f9e576f}</UniqueIdentifier>
    </Filter>
    <Filter Include="Header Files\Tests\UncomTests">
      <UniqueIdentifier>{483bdf3e-c119-42a3-883d-913216d1356e}</UniqueIdentifier>
    </Filter>
    <Filter Include="Header Files\Tests\1DTests">
      <UniqueIdentifier>{00bda88e-83ee-491f-93ba-9508180baafc}</UniqueIdentifier>
    </Filter>
  </ItemGroup>
  <ItemGroup>
    <ClCompile Include="..\src\main.cpp">
      <Filter>Source Files</Filter>
    </ClCompile>
  </ItemGroup>
  <ItemGroup>
    <ClInclude Include="..\src\kernel\kernel.h">
      <Filter>Header Files</Filter>
    </ClInclude>
    <ClInclude Include="..\src\kernel\KernelConfiguration.h">
      <Filter>Header Files</Filter>
    </ClInclude>
    <ClInclude Include="..\src\utility\Vector.h">
      <Filter>Header Files\Utility</Filter>
    </ClInclude>
    <ClInclude Include="..\src\utility\Matrix.h">
      <Filter>Header Files\Utility</Filter>
    </ClInclude>
    <ClInclude Include="..\src\utility\Timer.h">
      <Filter>Header Files\Utility</Filter>
    </ClInclude>
    <ClInclude Include="..\src\RiemannSolvers\RiemannSolver.h">
      <Filter>Header Files\RiemannSolvers</Filter>
    </ClInclude>
    <ClInclude Include="..\src\RiemannSolvers\RoeSolverPerfectGasEOS.h">
      <Filter>Header Files\RiemannSolvers</Filter>
    </ClInclude>
    <ClInclude Include="..\src\RiemannSolvers\RiemannSolversList.h">
      <Filter>Header Files\RiemannSolvers</Filter>
    </ClInclude>
    <ClInclude Include="..\src\Methods\ExplicitRungeKuttaFVM.h">
      <Filter>Header Files\Methods</Filter>
    </ClInclude>
    <ClInclude Include="..\src\Methods\HybridFVM.h">
      <Filter>Header Files\Methods</Filter>
    </ClInclude>
    <ClInclude Include="..\src\Methods\MethodConfiguration.h">
      <Filter>Header Files\Methods</Filter>
    </ClInclude>
    <ClInclude Include="..\src\kernel\ParallelManager.h">
      <Filter>Header Files</Filter>
    </ClInclude>
    <ClInclude Include="..\src\BoundaryConditions\BCGeneral.h">
      <Filter>Header Files\BoundaryConditions</Filter>
    </ClInclude>
    <ClInclude Include="..\src\utility\GeomFunctions.h">
      <Filter>Header Files\Utility</Filter>
    </ClInclude>
    <ClInclude Include="..\src\tests\tests.h">
      <Filter>Header Files\Tests</Filter>
    </ClInclude>
    <ClInclude Include="..\src\Methods\GeneralEosMethods\HybridGeneralEOSOnePhase.h">
      <Filter>Header Files\Methods\GeneralEosMethods</Filter>
    </ClInclude>
    <ClInclude Include="..\src\EquationsOfState\generalEOS.h">
      <Filter>Header Files\EquationsOfState</Filter>
    </ClInclude>
    <ClInclude Include="..\src\EquationsOfState\idealGasEOS.h">
      <Filter>Header Files\EquationsOfState</Filter>
    </ClInclude>
    <ClInclude Include="..\src\EquationsOfState\EquationsOfState.h">
      <Filter>Header Files\EquationsOfState</Filter>
    </ClInclude>
    <ClInclude Include="..\src\Methods\GeneralEosMethods\HybridBarotropicEOSOnePhase.h">
      <Filter>Header Files\Methods\GeneralEosMethods</Filter>
    </ClInclude>
    <ClInclude Include="..\src\BoundaryConditions\BCGeneralBarotropic.h">
      <Filter>Header Files\BoundaryConditions</Filter>
    </ClInclude>
    <ClInclude Include="..\src\EquationsOfState\VOFMixture\BarotropicTwoPhaseEOS.h">
      <Filter>Header Files\EquationsOfState\VOFMixture</Filter>
    </ClInclude>
    <ClInclude Include="..\src\EquationsOfState\BarotropicEOS.h">
      <Filter>Header Files\EquationsOfState</Filter>
    </ClInclude>
    <ClInclude Include="..\src\Methods\GeneralEosMethods\HybridBarotropicEOSTwoPhase.h">
      <Filter>Header Files\Methods\GeneralEosMethods</Filter>
    </ClInclude>
    <ClInclude Include="..\src\Sensors\Sensor.h">
      <Filter>Header Files\Sensors</Filter>
    </ClInclude>
    <ClInclude Include="..\src\Sensors\CellSensor.h">
      <Filter>Header Files\Sensors</Filter>
    </ClInclude>
    <ClInclude Include="..\src\Sensors\Sensors.h">
      <Filter>Header Files\Sensors</Filter>
    </ClInclude>
    <ClInclude Include="..\src\Reconstruction\IReconstruction.h">
      <Filter>Header Files\Reconstruction</Filter>
    </ClInclude>
    <ClInclude Include="..\src\Reconstruction\PiecewiseConstant.h">
      <Filter>Header Files\Reconstruction</Filter>
    </ClInclude>
    <ClInclude Include="..\src\Reconstruction\ReconstructorsList.h">
      <Filter>Header Files\Reconstruction</Filter>
    </ClInclude>
    <ClInclude Include="..\src\Reconstruction\ENO2PointsStencil.h">
      <Filter>Header Files\Reconstruction</Filter>
    </ClInclude>
    <ClInclude Include="..\src\Reconstruction\WENO2PointsStencil.h">
      <Filter>Header Files\Reconstruction</Filter>
    </ClInclude>
    <ClInclude Include="..\src\BoundaryConditions\BoundaryConditionConfiguration.h">
      <Filter>Header Files\BoundaryConditions</Filter>
    </ClInclude>
    <ClInclude Include="..\src\BoundaryConditions\IBoundaryCondition.h">
      <Filter>Header Files\BoundaryConditions</Filter>
    </ClInclude>
    <ClInclude Include="..\src\Reconstruction\ENO3PointsStencil.h">
      <Filter>Header Files\Reconstruction</Filter>
    </ClInclude>
    <ClInclude Include="..\src\Tests\UncomTests\Aleshin1987Modeling.h">
      <Filter>Header Files\Tests\UncomTests</Filter>
    </ClInclude>
    <ClInclude Include="..\src\Tests\1DTests\ToroTests.h">
      <Filter>Header Files\Tests\1DTests</Filter>
    </ClInclude>
    <ClInclude Include="..\src\Tests\1DTests\ShockWaveTest.h">
      <Filter>Header Files\Tests\1DTests</Filter>
    </ClInclude>
    <ClInclude Include="..\src\Tests\1DTests\testlist.h">
      <Filter>Header Files\Tests\1DTests</Filter>
    </ClInclude>
    <ClInclude Include="..\src\Sensors\MValuePosXSensor.h">
      <Filter>Header Files\Sensors</Filter>
    </ClInclude>
    <ClInclude Include="..\src\Sensors\MValuePosXSensor2.h">
      <Filter>Header Files\Sensors</Filter>
    </ClInclude>
    <ClInclude Include="..\src\kernel\grid.h">
      <Filter>Header Files</Filter>
    </ClInclude>
  </ItemGroup>
  <ItemGroup>
    <None Include="ClassDiagram.cd" />
  </ItemGroup>
</Project>